
Microsoft Visual Studio Solution File, Format Version 12.00
# Visual Studio 15
VisualStudioVersion = 15.0.27428.2027
MinimumVisualStudioVersion = 10.0.40219.1
Project("{2150E333-8FDC-42A3-9474-1A3956D46DE8}") = "src", "src", "{A7134425-62E7-4D00-A6AF-224E303B627D}"
EndProject
Project("{2150E333-8FDC-42A3-9474-1A3956D46DE8}") = "Component", "Component", "{B8546914-EEF1-4760-96DB-E53C0E7D051B}"
EndProject
Project("{2150E333-8FDC-42A3-9474-1A3956D46DE8}") = "Access", "Access", "{77C62A02-6F6C-48B4-83F4-11387E35EE4D}"
EndProject
Project("{2150E333-8FDC-42A3-9474-1A3956D46DE8}") = "Api", "Api", "{AD325160-1F3E-4495-98A7-CA9B1103ECCC}"
EndProject
Project("{2150E333-8FDC-42A3-9474-1A3956D46DE8}") = "Common", "Common", "{D89E68D5-27F2-411C-8421-469AE1858B07}"
EndProject
Project("{2150E333-8FDC-42A3-9474-1A3956D46DE8}") = "Engine", "Engine", "{A713E040-0470-41F0-BAB7-1E2570485CC7}"
EndProject
Project("{2150E333-8FDC-42A3-9474-1A3956D46DE8}") = "Manager", "Manager", "{A715DDDD-577E-4408-953D-D1A4EC598401}"
EndProject
Project("{2150E333-8FDC-42A3-9474-1A3956D46DE8}") = "User", "User", "{50F3027B-F69B-4C19-98EB-A97485E6310A}"
EndProject
Project("{9A19103F-16F7-4668-BE54-9A1E7A4F7556}") = "Company.Common.Data", "src\Company.Common.Data\Company.Common.Data.csproj", "{E4FD9E41-6E67-4121-B7CF-8D6363C35AD9}"
EndProject
Project("{9A19103F-16F7-4668-BE54-9A1E7A4F7556}") = "Company.Access.User.Interface", "src\Company.Access.User.Interface\Company.Access.User.Interface.csproj", "{A1904FE5-8A7B-43A2-8269-E78AD5721BA3}"
EndProject
Project("{9A19103F-16F7-4668-BE54-9A1E7A4F7556}") = "Company.Access.User.InterfaceGrpc", "src\Company.Access.User.InterfaceGrpc\Company.Access.User.InterfaceGrpc.csproj", "{D7925216-128A-47EB-87F7-9081A4EBDA98}"
EndProject
Project("{9A19103F-16F7-4668-BE54-9A1E7A4F7556}") = "Company.Access.User.ServiceGrpc", "src\Company.Access.User.ServiceGrpc\Company.Access.User.ServiceGrpc.csproj", "{3B155750-8DDB-4E6B-9EE8-1639821CE3FE}"
EndProject
Project("{2150E333-8FDC-42A3-9474-1A3956D46DE8}") = "Rest", "Rest", "{8CC46756-3661-4586-B741-8670332780DE}"
EndProject
Project("{9A19103F-16F7-4668-BE54-9A1E7A4F7556}") = "Company.Api.Rest.Data", "src\Company.Api.Rest.Data\Company.Api.Rest.Data.csproj", "{D74B3184-F9D9-498A-B6E5-C03B55673D6E}"
EndProject
Project("{9A19103F-16F7-4668-BE54-9A1E7A4F7556}") = "Company.Api.Rest.ServiceGrpc", "src\Company.Api.Rest.ServiceGrpc\Company.Api.Rest.ServiceGrpc.csproj", "{FAB90604-D938-451C-AC4D-88BA7DA2E6F3}"
EndProject
Project("{E53339B2-1760-4266-BCC7-CA923CBCF16C}") = "docker-compose", "docker-compose.dcproj", "{EC2BE296-E462-4EAB-8C73-AD26222A6B78}"
EndProject
Project("{9A19103F-16F7-4668-BE54-9A1E7A4F7556}") = "Company.Access.User.Impl", "src\Company.Access.User.Impl\Company.Access.User.Impl.csproj", "{8DA8B372-31EA-44D2-A854-F017DBEEF1B6}"
EndProject
Project("{9A19103F-16F7-4668-BE54-9A1E7A4F7556}") = "Company.Api.Rest.Impl", "src\Company.Api.Rest.Impl\Company.Api.Rest.Impl.csproj", "{E9247284-0CE7-4C34-B3B9-5DD527A2DB91}"
EndProject
Project("{9A19103F-16F7-4668-BE54-9A1E7A4F7556}") = "Company.Access.User.Client", "src\Company.Access.User.Client\Company.Access.User.Client.csproj", "{549ADC4D-F0BA-4019-B6B6-6D339211BCC1}"
EndProject
Project("{2150E333-8FDC-42A3-9474-1A3956D46DE8}") = "Membership", "Membership", "{0E09370F-BD65-4ECA-972B-A74DAEAC8C61}"
EndProject
Project("{2150E333-8FDC-42A3-9474-1A3956D46DE8}") = "Registration", "Registration", "{FFB7F61D-14DF-4A5D-9571-054302F5C476}"
EndProject
Project("{9A19103F-16F7-4668-BE54-9A1E7A4F7556}") = "Company.Engine.Registration.Interface", "src\Company.Engine.Registration.Interface\Company.Engine.Registration.Interface.csproj", "{2E65F116-0EDB-4408-B7C1-4659FFC95866}"
EndProject
Project("{9A19103F-16F7-4668-BE54-9A1E7A4F7556}") = "Company.Engine.Registration.Impl", "src\Company.Engine.Registration.Impl\Company.Engine.Registration.Impl.csproj", "{18227B04-66BA-482D-98E7-20A416B3A6E9}"
EndProject
Project("{9A19103F-16F7-4668-BE54-9A1E7A4F7556}") = "Company.Manager.Membership.Interface", "src\Company.Manager.Membership.Interface\Company.Manager.Membership.Interface.csproj", "{E730ACB2-1DAF-4EBC-AC9B-22681540039F}"
EndProject
Project("{9A19103F-16F7-4668-BE54-9A1E7A4F7556}") = "Company.Manager.Membership.Impl", "src\Company.Manager.Membership.Impl\Company.Manager.Membership.Impl.csproj", "{0054C500-E466-43DA-858C-0DEF4C5FDEEF}"
EndProject
Project("{9A19103F-16F7-4668-BE54-9A1E7A4F7556}") = "Company.Manager.Membership.InterfaceGrpc", "src\Company.Manager.Membership.InterfaceGrpc\Company.Manager.Membership.InterfaceGrpc.csproj", "{98412CA7-51F0-499D-ADD9-DC583C10E4A8}"
EndProject
Project("{9A19103F-16F7-4668-BE54-9A1E7A4F7556}") = "Company.Manager.Membership.Client", "src\Company.Manager.Membership.Client\Company.Manager.Membership.Client.csproj", "{89E14E6B-5BC6-4DBE-AD22-0E66F402EEBE}"
EndProject
Project("{9A19103F-16F7-4668-BE54-9A1E7A4F7556}") = "Company.Engine.Registration.InterfaceGrpc", "src\Company.Engine.Registration.InterfaceGrpc\Company.Engine.Registration.InterfaceGrpc.csproj", "{E5B421C9-2075-4BE4-8AEC-22B7F264B7CE}"
EndProject
Project("{9A19103F-16F7-4668-BE54-9A1E7A4F7556}") = "Company.Engine.Registration.Client", "src\Company.Engine.Registration.Client\Company.Engine.Registration.Client.csproj", "{9E95F6CE-1A33-453F-9292-9E991AC2A3DA}"
EndProject
Project("{9A19103F-16F7-4668-BE54-9A1E7A4F7556}") = "Company.Engine.Registration.ServiceGrpc", "src\Company.Engine.Registration.ServiceGrpc\Company.Engine.Registration.ServiceGrpc.csproj", "{8EE3E2E2-9828-42B8-93CF-BA24112CD361}"
EndProject
Project("{9A19103F-16F7-4668-BE54-9A1E7A4F7556}") = "Company.Manager.Membership.ServiceGrpc", "src\Company.Manager.Membership.ServiceGrpc\Company.Manager.Membership.ServiceGrpc.csproj", "{72A48925-7618-4D68-952D-95C7A8EA9B8E}"
EndProject
Project("{2150E333-8FDC-42A3-9474-1A3956D46DE8}") = "Framework", "Framework", "{6B5A9B23-4E1D-4149-85FE-F889C5DB57E3}"
EndProject
Project("{9A19103F-16F7-4668-BE54-9A1E7A4F7556}") = "Company.Grpc.Client", "src\Company.Grpc.Client\Company.Grpc.Client.csproj", "{2EB73AFD-9845-448A-9DB2-ECD6CC416193}"
EndProject
Project("{9A19103F-16F7-4668-BE54-9A1E7A4F7556}") = "Company.Grpc.Common", "src\Company.Grpc.Common\Company.Grpc.Common.csproj", "{C91F2962-2062-4E41-A228-C06816CBC349}"
EndProject
Project("{9A19103F-16F7-4668-BE54-9A1E7A4F7556}") = "Company.Grpc.Server", "src\Company.Grpc.Server\Company.Grpc.Server.csproj", "{A23D129F-06B0-45AD-A8E8-B358B198AAA1}"
EndProject
Project("{2150E333-8FDC-42A3-9474-1A3956D46DE8}") = "test", "test", "{9A40757A-0351-4A05-880B-4E570B56F820}"
EndProject
Project("{9A19103F-16F7-4668-BE54-9A1E7A4F7556}") = "Test.InProc.RestApi", "test\Test.InProc.RestApi\Test.InProc.RestApi.csproj", "{31910059-CB08-4BFE-8577-717F5D4FAE59}"
EndProject
Global
	GlobalSection(SolutionConfigurationPlatforms) = preSolution
		Debug|Any CPU = Debug|Any CPU
		Debug|x64 = Debug|x64
		Release|Any CPU = Release|Any CPU
		Release|x64 = Release|x64
	EndGlobalSection
	GlobalSection(ProjectConfigurationPlatforms) = postSolution
		{E4FD9E41-6E67-4121-B7CF-8D6363C35AD9}.Debug|Any CPU.ActiveCfg = Debug|Any CPU
		{E4FD9E41-6E67-4121-B7CF-8D6363C35AD9}.Debug|Any CPU.Build.0 = Debug|Any CPU
		{E4FD9E41-6E67-4121-B7CF-8D6363C35AD9}.Debug|x64.ActiveCfg = Debug|Any CPU
		{E4FD9E41-6E67-4121-B7CF-8D6363C35AD9}.Debug|x64.Build.0 = Debug|Any CPU
		{E4FD9E41-6E67-4121-B7CF-8D6363C35AD9}.Release|Any CPU.ActiveCfg = Release|Any CPU
		{E4FD9E41-6E67-4121-B7CF-8D6363C35AD9}.Release|Any CPU.Build.0 = Release|Any CPU
		{E4FD9E41-6E67-4121-B7CF-8D6363C35AD9}.Release|x64.ActiveCfg = Release|Any CPU
		{E4FD9E41-6E67-4121-B7CF-8D6363C35AD9}.Release|x64.Build.0 = Release|Any CPU
		{A1904FE5-8A7B-43A2-8269-E78AD5721BA3}.Debug|Any CPU.ActiveCfg = Debug|Any CPU
		{A1904FE5-8A7B-43A2-8269-E78AD5721BA3}.Debug|Any CPU.Build.0 = Debug|Any CPU
		{A1904FE5-8A7B-43A2-8269-E78AD5721BA3}.Debug|x64.ActiveCfg = Debug|Any CPU
		{A1904FE5-8A7B-43A2-8269-E78AD5721BA3}.Debug|x64.Build.0 = Debug|Any CPU
		{A1904FE5-8A7B-43A2-8269-E78AD5721BA3}.Release|Any CPU.ActiveCfg = Release|Any CPU
		{A1904FE5-8A7B-43A2-8269-E78AD5721BA3}.Release|Any CPU.Build.0 = Release|Any CPU
		{A1904FE5-8A7B-43A2-8269-E78AD5721BA3}.Release|x64.ActiveCfg = Release|Any CPU
		{A1904FE5-8A7B-43A2-8269-E78AD5721BA3}.Release|x64.Build.0 = Release|Any CPU
		{D7925216-128A-47EB-87F7-9081A4EBDA98}.Debug|Any CPU.ActiveCfg = Debug|Any CPU
		{D7925216-128A-47EB-87F7-9081A4EBDA98}.Debug|Any CPU.Build.0 = Debug|Any CPU
		{D7925216-128A-47EB-87F7-9081A4EBDA98}.Debug|x64.ActiveCfg = Debug|Any CPU
		{D7925216-128A-47EB-87F7-9081A4EBDA98}.Debug|x64.Build.0 = Debug|Any CPU
		{D7925216-128A-47EB-87F7-9081A4EBDA98}.Release|Any CPU.ActiveCfg = Release|Any CPU
		{D7925216-128A-47EB-87F7-9081A4EBDA98}.Release|Any CPU.Build.0 = Release|Any CPU
		{D7925216-128A-47EB-87F7-9081A4EBDA98}.Release|x64.ActiveCfg = Release|Any CPU
		{D7925216-128A-47EB-87F7-9081A4EBDA98}.Release|x64.Build.0 = Release|Any CPU
		{3B155750-8DDB-4E6B-9EE8-1639821CE3FE}.Debug|Any CPU.ActiveCfg = Debug|Any CPU
		{3B155750-8DDB-4E6B-9EE8-1639821CE3FE}.Debug|Any CPU.Build.0 = Debug|Any CPU
		{3B155750-8DDB-4E6B-9EE8-1639821CE3FE}.Debug|x64.ActiveCfg = Debug|Any CPU
		{3B155750-8DDB-4E6B-9EE8-1639821CE3FE}.Debug|x64.Build.0 = Debug|Any CPU
		{3B155750-8DDB-4E6B-9EE8-1639821CE3FE}.Release|Any CPU.ActiveCfg = Release|Any CPU
		{3B155750-8DDB-4E6B-9EE8-1639821CE3FE}.Release|Any CPU.Build.0 = Release|Any CPU
		{3B155750-8DDB-4E6B-9EE8-1639821CE3FE}.Release|x64.ActiveCfg = Release|Any CPU
		{3B155750-8DDB-4E6B-9EE8-1639821CE3FE}.Release|x64.Build.0 = Release|Any CPU
		{D74B3184-F9D9-498A-B6E5-C03B55673D6E}.Debug|Any CPU.ActiveCfg = Debug|Any CPU
		{D74B3184-F9D9-498A-B6E5-C03B55673D6E}.Debug|Any CPU.Build.0 = Debug|Any CPU
		{D74B3184-F9D9-498A-B6E5-C03B55673D6E}.Debug|x64.ActiveCfg = Debug|Any CPU
		{D74B3184-F9D9-498A-B6E5-C03B55673D6E}.Debug|x64.Build.0 = Debug|Any CPU
		{D74B3184-F9D9-498A-B6E5-C03B55673D6E}.Release|Any CPU.ActiveCfg = Release|Any CPU
		{D74B3184-F9D9-498A-B6E5-C03B55673D6E}.Release|Any CPU.Build.0 = Release|Any CPU
		{D74B3184-F9D9-498A-B6E5-C03B55673D6E}.Release|x64.ActiveCfg = Release|Any CPU
		{D74B3184-F9D9-498A-B6E5-C03B55673D6E}.Release|x64.Build.0 = Release|Any CPU
		{FAB90604-D938-451C-AC4D-88BA7DA2E6F3}.Debug|Any CPU.ActiveCfg = Debug|Any CPU
		{FAB90604-D938-451C-AC4D-88BA7DA2E6F3}.Debug|Any CPU.Build.0 = Debug|Any CPU
		{FAB90604-D938-451C-AC4D-88BA7DA2E6F3}.Debug|x64.ActiveCfg = Debug|Any CPU
		{FAB90604-D938-451C-AC4D-88BA7DA2E6F3}.Debug|x64.Build.0 = Debug|Any CPU
		{FAB90604-D938-451C-AC4D-88BA7DA2E6F3}.Release|Any CPU.ActiveCfg = Release|Any CPU
		{FAB90604-D938-451C-AC4D-88BA7DA2E6F3}.Release|Any CPU.Build.0 = Release|Any CPU
		{FAB90604-D938-451C-AC4D-88BA7DA2E6F3}.Release|x64.ActiveCfg = Release|Any CPU
		{FAB90604-D938-451C-AC4D-88BA7DA2E6F3}.Release|x64.Build.0 = Release|Any CPU
		{EC2BE296-E462-4EAB-8C73-AD26222A6B78}.Debug|Any CPU.ActiveCfg = Debug|Any CPU
		{EC2BE296-E462-4EAB-8C73-AD26222A6B78}.Debug|Any CPU.Build.0 = Debug|Any CPU
		{EC2BE296-E462-4EAB-8C73-AD26222A6B78}.Debug|x64.ActiveCfg = Debug|Any CPU
		{EC2BE296-E462-4EAB-8C73-AD26222A6B78}.Debug|x64.Build.0 = Debug|Any CPU
		{EC2BE296-E462-4EAB-8C73-AD26222A6B78}.Release|Any CPU.ActiveCfg = Release|Any CPU
		{EC2BE296-E462-4EAB-8C73-AD26222A6B78}.Release|Any CPU.Build.0 = Release|Any CPU
		{EC2BE296-E462-4EAB-8C73-AD26222A6B78}.Release|x64.ActiveCfg = Release|Any CPU
		{EC2BE296-E462-4EAB-8C73-AD26222A6B78}.Release|x64.Build.0 = Release|Any CPU
		{8DA8B372-31EA-44D2-A854-F017DBEEF1B6}.Debug|Any CPU.ActiveCfg = Debug|Any CPU
		{8DA8B372-31EA-44D2-A854-F017DBEEF1B6}.Debug|Any CPU.Build.0 = Debug|Any CPU
		{8DA8B372-31EA-44D2-A854-F017DBEEF1B6}.Debug|x64.ActiveCfg = Debug|Any CPU
		{8DA8B372-31EA-44D2-A854-F017DBEEF1B6}.Debug|x64.Build.0 = Debug|Any CPU
		{8DA8B372-31EA-44D2-A854-F017DBEEF1B6}.Release|Any CPU.ActiveCfg = Release|Any CPU
		{8DA8B372-31EA-44D2-A854-F017DBEEF1B6}.Release|Any CPU.Build.0 = Release|Any CPU
		{8DA8B372-31EA-44D2-A854-F017DBEEF1B6}.Release|x64.ActiveCfg = Release|Any CPU
		{8DA8B372-31EA-44D2-A854-F017DBEEF1B6}.Release|x64.Build.0 = Release|Any CPU
		{E9247284-0CE7-4C34-B3B9-5DD527A2DB91}.Debug|Any CPU.ActiveCfg = Debug|Any CPU
		{E9247284-0CE7-4C34-B3B9-5DD527A2DB91}.Debug|Any CPU.Build.0 = Debug|Any CPU
		{E9247284-0CE7-4C34-B3B9-5DD527A2DB91}.Debug|x64.ActiveCfg = Debug|Any CPU
		{E9247284-0CE7-4C34-B3B9-5DD527A2DB91}.Debug|x64.Build.0 = Debug|Any CPU
		{E9247284-0CE7-4C34-B3B9-5DD527A2DB91}.Release|Any CPU.ActiveCfg = Release|Any CPU
		{E9247284-0CE7-4C34-B3B9-5DD527A2DB91}.Release|Any CPU.Build.0 = Release|Any CPU
		{E9247284-0CE7-4C34-B3B9-5DD527A2DB91}.Release|x64.ActiveCfg = Release|Any CPU
		{E9247284-0CE7-4C34-B3B9-5DD527A2DB91}.Release|x64.Build.0 = Release|Any CPU
		{549ADC4D-F0BA-4019-B6B6-6D339211BCC1}.Debug|Any CPU.ActiveCfg = Debug|Any CPU
		{549ADC4D-F0BA-4019-B6B6-6D339211BCC1}.Debug|Any CPU.Build.0 = Debug|Any CPU
		{549ADC4D-F0BA-4019-B6B6-6D339211BCC1}.Debug|x64.ActiveCfg = Debug|Any CPU
		{549ADC4D-F0BA-4019-B6B6-6D339211BCC1}.Debug|x64.Build.0 = Debug|Any CPU
		{549ADC4D-F0BA-4019-B6B6-6D339211BCC1}.Release|Any CPU.ActiveCfg = Release|Any CPU
		{549ADC4D-F0BA-4019-B6B6-6D339211BCC1}.Release|Any CPU.Build.0 = Release|Any CPU
		{549ADC4D-F0BA-4019-B6B6-6D339211BCC1}.Release|x64.ActiveCfg = Release|Any CPU
		{549ADC4D-F0BA-4019-B6B6-6D339211BCC1}.Release|x64.Build.0 = Release|Any CPU
		{2E65F116-0EDB-4408-B7C1-4659FFC95866}.Debug|Any CPU.ActiveCfg = Debug|Any CPU
		{2E65F116-0EDB-4408-B7C1-4659FFC95866}.Debug|Any CPU.Build.0 = Debug|Any CPU
		{2E65F116-0EDB-4408-B7C1-4659FFC95866}.Debug|x64.ActiveCfg = Debug|Any CPU
		{2E65F116-0EDB-4408-B7C1-4659FFC95866}.Debug|x64.Build.0 = Debug|Any CPU
		{2E65F116-0EDB-4408-B7C1-4659FFC95866}.Release|Any CPU.ActiveCfg = Release|Any CPU
		{2E65F116-0EDB-4408-B7C1-4659FFC95866}.Release|Any CPU.Build.0 = Release|Any CPU
		{2E65F116-0EDB-4408-B7C1-4659FFC95866}.Release|x64.ActiveCfg = Release|Any CPU
		{2E65F116-0EDB-4408-B7C1-4659FFC95866}.Release|x64.Build.0 = Release|Any CPU
		{18227B04-66BA-482D-98E7-20A416B3A6E9}.Debug|Any CPU.ActiveCfg = Debug|Any CPU
		{18227B04-66BA-482D-98E7-20A416B3A6E9}.Debug|Any CPU.Build.0 = Debug|Any CPU
		{18227B04-66BA-482D-98E7-20A416B3A6E9}.Debug|x64.ActiveCfg = Debug|Any CPU
		{18227B04-66BA-482D-98E7-20A416B3A6E9}.Debug|x64.Build.0 = Debug|Any CPU
		{18227B04-66BA-482D-98E7-20A416B3A6E9}.Release|Any CPU.ActiveCfg = Release|Any CPU
		{18227B04-66BA-482D-98E7-20A416B3A6E9}.Release|Any CPU.Build.0 = Release|Any CPU
		{18227B04-66BA-482D-98E7-20A416B3A6E9}.Release|x64.ActiveCfg = Release|Any CPU
		{18227B04-66BA-482D-98E7-20A416B3A6E9}.Release|x64.Build.0 = Release|Any CPU
		{E730ACB2-1DAF-4EBC-AC9B-22681540039F}.Debug|Any CPU.ActiveCfg = Debug|Any CPU
		{E730ACB2-1DAF-4EBC-AC9B-22681540039F}.Debug|Any CPU.Build.0 = Debug|Any CPU
		{E730ACB2-1DAF-4EBC-AC9B-22681540039F}.Debug|x64.ActiveCfg = Debug|Any CPU
		{E730ACB2-1DAF-4EBC-AC9B-22681540039F}.Debug|x64.Build.0 = Debug|Any CPU
		{E730ACB2-1DAF-4EBC-AC9B-22681540039F}.Release|Any CPU.ActiveCfg = Release|Any CPU
		{E730ACB2-1DAF-4EBC-AC9B-22681540039F}.Release|Any CPU.Build.0 = Release|Any CPU
		{E730ACB2-1DAF-4EBC-AC9B-22681540039F}.Release|x64.ActiveCfg = Release|Any CPU
		{E730ACB2-1DAF-4EBC-AC9B-22681540039F}.Release|x64.Build.0 = Release|Any CPU
		{0054C500-E466-43DA-858C-0DEF4C5FDEEF}.Debug|Any CPU.ActiveCfg = Debug|Any CPU
		{0054C500-E466-43DA-858C-0DEF4C5FDEEF}.Debug|Any CPU.Build.0 = Debug|Any CPU
		{0054C500-E466-43DA-858C-0DEF4C5FDEEF}.Debug|x64.ActiveCfg = Debug|Any CPU
		{0054C500-E466-43DA-858C-0DEF4C5FDEEF}.Debug|x64.Build.0 = Debug|Any CPU
		{0054C500-E466-43DA-858C-0DEF4C5FDEEF}.Release|Any CPU.ActiveCfg = Release|Any CPU
		{0054C500-E466-43DA-858C-0DEF4C5FDEEF}.Release|Any CPU.Build.0 = Release|Any CPU
		{0054C500-E466-43DA-858C-0DEF4C5FDEEF}.Release|x64.ActiveCfg = Release|Any CPU
		{0054C500-E466-43DA-858C-0DEF4C5FDEEF}.Release|x64.Build.0 = Release|Any CPU
		{98412CA7-51F0-499D-ADD9-DC583C10E4A8}.Debug|Any CPU.ActiveCfg = Debug|Any CPU
		{98412CA7-51F0-499D-ADD9-DC583C10E4A8}.Debug|Any CPU.Build.0 = Debug|Any CPU
		{98412CA7-51F0-499D-ADD9-DC583C10E4A8}.Debug|x64.ActiveCfg = Debug|Any CPU
		{98412CA7-51F0-499D-ADD9-DC583C10E4A8}.Debug|x64.Build.0 = Debug|Any CPU
		{98412CA7-51F0-499D-ADD9-DC583C10E4A8}.Release|Any CPU.ActiveCfg = Release|Any CPU
		{98412CA7-51F0-499D-ADD9-DC583C10E4A8}.Release|Any CPU.Build.0 = Release|Any CPU
		{98412CA7-51F0-499D-ADD9-DC583C10E4A8}.Release|x64.ActiveCfg = Release|Any CPU
		{98412CA7-51F0-499D-ADD9-DC583C10E4A8}.Release|x64.Build.0 = Release|Any CPU
		{89E14E6B-5BC6-4DBE-AD22-0E66F402EEBE}.Debug|Any CPU.ActiveCfg = Debug|Any CPU
		{89E14E6B-5BC6-4DBE-AD22-0E66F402EEBE}.Debug|Any CPU.Build.0 = Debug|Any CPU
		{89E14E6B-5BC6-4DBE-AD22-0E66F402EEBE}.Debug|x64.ActiveCfg = Debug|Any CPU
		{89E14E6B-5BC6-4DBE-AD22-0E66F402EEBE}.Debug|x64.Build.0 = Debug|Any CPU
		{89E14E6B-5BC6-4DBE-AD22-0E66F402EEBE}.Release|Any CPU.ActiveCfg = Release|Any CPU
		{89E14E6B-5BC6-4DBE-AD22-0E66F402EEBE}.Release|Any CPU.Build.0 = Release|Any CPU
		{89E14E6B-5BC6-4DBE-AD22-0E66F402EEBE}.Release|x64.ActiveCfg = Release|Any CPU
		{89E14E6B-5BC6-4DBE-AD22-0E66F402EEBE}.Release|x64.Build.0 = Release|Any CPU
		{E5B421C9-2075-4BE4-8AEC-22B7F264B7CE}.Debug|Any CPU.ActiveCfg = Debug|Any CPU
		{E5B421C9-2075-4BE4-8AEC-22B7F264B7CE}.Debug|Any CPU.Build.0 = Debug|Any CPU
		{E5B421C9-2075-4BE4-8AEC-22B7F264B7CE}.Debug|x64.ActiveCfg = Debug|Any CPU
		{E5B421C9-2075-4BE4-8AEC-22B7F264B7CE}.Debug|x64.Build.0 = Debug|Any CPU
		{E5B421C9-2075-4BE4-8AEC-22B7F264B7CE}.Release|Any CPU.ActiveCfg = Release|Any CPU
		{E5B421C9-2075-4BE4-8AEC-22B7F264B7CE}.Release|Any CPU.Build.0 = Release|Any CPU
		{E5B421C9-2075-4BE4-8AEC-22B7F264B7CE}.Release|x64.ActiveCfg = Release|Any CPU
		{E5B421C9-2075-4BE4-8AEC-22B7F264B7CE}.Release|x64.Build.0 = Release|Any CPU
		{9E95F6CE-1A33-453F-9292-9E991AC2A3DA}.Debug|Any CPU.ActiveCfg = Debug|Any CPU
		{9E95F6CE-1A33-453F-9292-9E991AC2A3DA}.Debug|Any CPU.Build.0 = Debug|Any CPU
		{9E95F6CE-1A33-453F-9292-9E991AC2A3DA}.Debug|x64.ActiveCfg = Debug|Any CPU
		{9E95F6CE-1A33-453F-9292-9E991AC2A3DA}.Debug|x64.Build.0 = Debug|Any CPU
		{9E95F6CE-1A33-453F-9292-9E991AC2A3DA}.Release|Any CPU.ActiveCfg = Release|Any CPU
		{9E95F6CE-1A33-453F-9292-9E991AC2A3DA}.Release|Any CPU.Build.0 = Release|Any CPU
		{9E95F6CE-1A33-453F-9292-9E991AC2A3DA}.Release|x64.ActiveCfg = Release|Any CPU
		{9E95F6CE-1A33-453F-9292-9E991AC2A3DA}.Release|x64.Build.0 = Release|Any CPU
		{8EE3E2E2-9828-42B8-93CF-BA24112CD361}.Debug|Any CPU.ActiveCfg = Debug|Any CPU
		{8EE3E2E2-9828-42B8-93CF-BA24112CD361}.Debug|Any CPU.Build.0 = Debug|Any CPU
		{8EE3E2E2-9828-42B8-93CF-BA24112CD361}.Debug|x64.ActiveCfg = Debug|Any CPU
		{8EE3E2E2-9828-42B8-93CF-BA24112CD361}.Debug|x64.Build.0 = Debug|Any CPU
		{8EE3E2E2-9828-42B8-93CF-BA24112CD361}.Release|Any CPU.ActiveCfg = Release|Any CPU
		{8EE3E2E2-9828-42B8-93CF-BA24112CD361}.Release|Any CPU.Build.0 = Release|Any CPU
		{8EE3E2E2-9828-42B8-93CF-BA24112CD361}.Release|x64.ActiveCfg = Release|Any CPU
		{8EE3E2E2-9828-42B8-93CF-BA24112CD361}.Release|x64.Build.0 = Release|Any CPU
		{72A48925-7618-4D68-952D-95C7A8EA9B8E}.Debug|Any CPU.ActiveCfg = Debug|Any CPU
		{72A48925-7618-4D68-952D-95C7A8EA9B8E}.Debug|Any CPU.Build.0 = Debug|Any CPU
		{72A48925-7618-4D68-952D-95C7A8EA9B8E}.Debug|x64.ActiveCfg = Debug|Any CPU
		{72A48925-7618-4D68-952D-95C7A8EA9B8E}.Debug|x64.Build.0 = Debug|Any CPU
		{72A48925-7618-4D68-952D-95C7A8EA9B8E}.Release|Any CPU.ActiveCfg = Release|Any CPU
		{72A48925-7618-4D68-952D-95C7A8EA9B8E}.Release|Any CPU.Build.0 = Release|Any CPU
		{72A48925-7618-4D68-952D-95C7A8EA9B8E}.Release|x64.ActiveCfg = Release|Any CPU
		{72A48925-7618-4D68-952D-95C7A8EA9B8E}.Release|x64.Build.0 = Release|Any CPU
		{2EB73AFD-9845-448A-9DB2-ECD6CC416193}.Debug|Any CPU.ActiveCfg = Debug|Any CPU
		{2EB73AFD-9845-448A-9DB2-ECD6CC416193}.Debug|Any CPU.Build.0 = Debug|Any CPU
		{2EB73AFD-9845-448A-9DB2-ECD6CC416193}.Debug|x64.ActiveCfg = Debug|Any CPU
		{2EB73AFD-9845-448A-9DB2-ECD6CC416193}.Debug|x64.Build.0 = Debug|Any CPU
		{2EB73AFD-9845-448A-9DB2-ECD6CC416193}.Release|Any CPU.ActiveCfg = Release|Any CPU
		{2EB73AFD-9845-448A-9DB2-ECD6CC416193}.Release|Any CPU.Build.0 = Release|Any CPU
		{2EB73AFD-9845-448A-9DB2-ECD6CC416193}.Release|x64.ActiveCfg = Release|Any CPU
		{2EB73AFD-9845-448A-9DB2-ECD6CC416193}.Release|x64.Build.0 = Release|Any CPU
		{C91F2962-2062-4E41-A228-C06816CBC349}.Debug|Any CPU.ActiveCfg = Debug|Any CPU
		{C91F2962-2062-4E41-A228-C06816CBC349}.Debug|Any CPU.Build.0 = Debug|Any CPU
		{C91F2962-2062-4E41-A228-C06816CBC349}.Debug|x64.ActiveCfg = Debug|Any CPU
		{C91F2962-2062-4E41-A228-C06816CBC349}.Debug|x64.Build.0 = Debug|Any CPU
		{C91F2962-2062-4E41-A228-C06816CBC349}.Release|Any CPU.ActiveCfg = Release|Any CPU
		{C91F2962-2062-4E41-A228-C06816CBC349}.Release|Any CPU.Build.0 = Release|Any CPU
		{C91F2962-2062-4E41-A228-C06816CBC349}.Release|x64.ActiveCfg = Release|Any CPU
		{C91F2962-2062-4E41-A228-C06816CBC349}.Release|x64.Build.0 = Release|Any CPU
		{A23D129F-06B0-45AD-A8E8-B358B198AAA1}.Debug|Any CPU.ActiveCfg = Debug|Any CPU
		{A23D129F-06B0-45AD-A8E8-B358B198AAA1}.Debug|Any CPU.Build.0 = Debug|Any CPU
		{A23D129F-06B0-45AD-A8E8-B358B198AAA1}.Debug|x64.ActiveCfg = Debug|Any CPU
		{A23D129F-06B0-45AD-A8E8-B358B198AAA1}.Debug|x64.Build.0 = Debug|Any CPU
		{A23D129F-06B0-45AD-A8E8-B358B198AAA1}.Release|Any CPU.ActiveCfg = Release|Any CPU
		{A23D129F-06B0-45AD-A8E8-B358B198AAA1}.Release|Any CPU.Build.0 = Release|Any CPU
		{A23D129F-06B0-45AD-A8E8-B358B198AAA1}.Release|x64.ActiveCfg = Release|Any CPU
		{A23D129F-06B0-45AD-A8E8-B358B198AAA1}.Release|x64.Build.0 = Release|Any CPU
		{31910059-CB08-4BFE-8577-717F5D4FAE59}.Debug|Any CPU.ActiveCfg = Debug|Any CPU
		{31910059-CB08-4BFE-8577-717F5D4FAE59}.Debug|Any CPU.Build.0 = Debug|Any CPU
		{31910059-CB08-4BFE-8577-717F5D4FAE59}.Debug|x64.ActiveCfg = Debug|Any CPU
		{31910059-CB08-4BFE-8577-717F5D4FAE59}.Debug|x64.Build.0 = Debug|Any CPU
		{31910059-CB08-4BFE-8577-717F5D4FAE59}.Release|Any CPU.ActiveCfg = Release|Any CPU
		{31910059-CB08-4BFE-8577-717F5D4FAE59}.Release|Any CPU.Build.0 = Release|Any CPU
		{31910059-CB08-4BFE-8577-717F5D4FAE59}.Release|x64.ActiveCfg = Release|Any CPU
		{31910059-CB08-4BFE-8577-717F5D4FAE59}.Release|x64.Build.0 = Release|Any CPU
	EndGlobalSection
	GlobalSection(SolutionProperties) = preSolution
		HideSolutionNode = FALSE
	EndGlobalSection
	GlobalSection(NestedProjects) = preSolution
		{B8546914-EEF1-4760-96DB-E53C0E7D051B} = {A7134425-62E7-4D00-A6AF-224E303B627D}
		{77C62A02-6F6C-48B4-83F4-11387E35EE4D} = {B8546914-EEF1-4760-96DB-E53C0E7D051B}
		{AD325160-1F3E-4495-98A7-CA9B1103ECCC} = {B8546914-EEF1-4760-96DB-E53C0E7D051B}
		{D89E68D5-27F2-411C-8421-469AE1858B07} = {B8546914-EEF1-4760-96DB-E53C0E7D051B}
		{A713E040-0470-41F0-BAB7-1E2570485CC7} = {B8546914-EEF1-4760-96DB-E53C0E7D051B}
		{A715DDDD-577E-4408-953D-D1A4EC598401} = {B8546914-EEF1-4760-96DB-E53C0E7D051B}
		{50F3027B-F69B-4C19-98EB-A97485E6310A} = {77C62A02-6F6C-48B4-83F4-11387E35EE4D}
		{E4FD9E41-6E67-4121-B7CF-8D6363C35AD9} = {D89E68D5-27F2-411C-8421-469AE1858B07}
		{A1904FE5-8A7B-43A2-8269-E78AD5721BA3} = {50F3027B-F69B-4C19-98EB-A97485E6310A}
		{D7925216-128A-47EB-87F7-9081A4EBDA98} = {50F3027B-F69B-4C19-98EB-A97485E6310A}
		{3B155750-8DDB-4E6B-9EE8-1639821CE3FE} = {50F3027B-F69B-4C19-98EB-A97485E6310A}
		{8CC46756-3661-4586-B741-8670332780DE} = {AD325160-1F3E-4495-98A7-CA9B1103ECCC}
		{D74B3184-F9D9-498A-B6E5-C03B55673D6E} = {8CC46756-3661-4586-B741-8670332780DE}
		{FAB90604-D938-451C-AC4D-88BA7DA2E6F3} = {8CC46756-3661-4586-B741-8670332780DE}
		{8DA8B372-31EA-44D2-A854-F017DBEEF1B6} = {50F3027B-F69B-4C19-98EB-A97485E6310A}
		{E9247284-0CE7-4C34-B3B9-5DD527A2DB91} = {8CC46756-3661-4586-B741-8670332780DE}
		{549ADC4D-F0BA-4019-B6B6-6D339211BCC1} = {50F3027B-F69B-4C19-98EB-A97485E6310A}
		{0E09370F-BD65-4ECA-972B-A74DAEAC8C61} = {A715DDDD-577E-4408-953D-D1A4EC598401}
		{FFB7F61D-14DF-4A5D-9571-054302F5C476} = {A713E040-0470-41F0-BAB7-1E2570485CC7}
		{2E65F116-0EDB-4408-B7C1-4659FFC95866} = {FFB7F61D-14DF-4A5D-9571-054302F5C476}
		{18227B04-66BA-482D-98E7-20A416B3A6E9} = {FFB7F61D-14DF-4A5D-9571-054302F5C476}
		{E730ACB2-1DAF-4EBC-AC9B-22681540039F} = {0E09370F-BD65-4ECA-972B-A74DAEAC8C61}
		{0054C500-E466-43DA-858C-0DEF4C5FDEEF} = {0E09370F-BD65-4ECA-972B-A74DAEAC8C61}
		{98412CA7-51F0-499D-ADD9-DC583C10E4A8} = {0E09370F-BD65-4ECA-972B-A74DAEAC8C61}
		{89E14E6B-5BC6-4DBE-AD22-0E66F402EEBE} = {0E09370F-BD65-4ECA-972B-A74DAEAC8C61}
		{E5B421C9-2075-4BE4-8AEC-22B7F264B7CE} = {FFB7F61D-14DF-4A5D-9571-054302F5C476}
		{9E95F6CE-1A33-453F-9292-9E991AC2A3DA} = {FFB7F61D-14DF-4A5D-9571-054302F5C476}
		{8EE3E2E2-9828-42B8-93CF-BA24112CD361} = {FFB7F61D-14DF-4A5D-9571-054302F5C476}
		{72A48925-7618-4D68-952D-95C7A8EA9B8E} = {0E09370F-BD65-4ECA-972B-A74DAEAC8C61}
		{6B5A9B23-4E1D-4149-85FE-F889C5DB57E3} = {A7134425-62E7-4D00-A6AF-224E303B627D}
		{2EB73AFD-9845-448A-9DB2-ECD6CC416193} = {6B5A9B23-4E1D-4149-85FE-F889C5DB57E3}
		{C91F2962-2062-4E41-A228-C06816CBC349} = {6B5A9B23-4E1D-4149-85FE-F889C5DB57E3}
		{A23D129F-06B0-45AD-A8E8-B358B198AAA1} = {6B5A9B23-4E1D-4149-85FE-F889C5DB57E3}
		{31910059-CB08-4BFE-8577-717F5D4FAE59} = {9A40757A-0351-4A05-880B-4E570B56F820}
	EndGlobalSection
	GlobalSection(ExtensibilityGlobals) = postSolution
		SolutionGuid = {8A897F27-DC05-44B0-905E-070C84CAD95D}
	EndGlobalSection
EndGlobal
